
Microsoft Visual Studio Solution File, Format Version 12.00
# Visual Studio Version 17
VisualStudioVersion = 17.11.35219.272
MinimumVisualStudioVersion = 10.0.40219.1
Project("{FAE04EC0-301F-11D3-BF4B-00C04F79EFBC}") = "01-MainSubjects", "01-MainSubjects\01-MainSubjects.csproj", "{73A0C364-30BA-4344-B993-DF3D1001757E}"
EndProject
Project("{FAE04EC0-301F-11D3-BF4B-00C04F79EFBC}") = "02-Variables", "02-Variables\02-Variables.csproj", "{A7C6FFC2-B062-4DA9-BC20-2DF1E5580AD1}"
EndProject
Global
	GlobalSection(SolutionConfigurationPlatforms) = preSolution
		Debug|Any CPU = Debug|Any CPU
		Release|Any CPU = Release|Any CPU
	EndGlobalSection
	GlobalSection(ProjectConfigurationPlatforms) = postSolution
		{73A0C364-30BA-4344-B993-DF3D1001757E}.Debug|Any CPU.ActiveCfg = Debug|Any CPU
		{73A0C364-30BA-4344-B993-DF3D1001757E}.Debug|Any CPU.Build.0 = Debug|Any CPU
		{73A0C364-30BA-4344-B993-DF3D1001757E}.Release|Any CPU.ActiveCfg = Release|Any CPU
		{73A0C364-30BA-4344-B993-DF3D1001757E}.Release|Any CPU.Build.0 = Release|Any CPU
		{A7C6FFC2-B062-4DA9-BC20-2DF1E5580AD1}.Debug|Any CPU.ActiveCfg = Debug|Any CPU
		{A7C6FFC2-B062-4DA9-BC20-2DF1E5580AD1}.Debug|Any CPU.Build.0 = Debug|Any CPU
		{A7C6FFC2-B062-4DA9-BC20-2DF1E5580AD1}.Release|Any CPU.ActiveCfg = Release|Any CPU
		{A7C6FFC2-B062-4DA9-BC20-2DF1E5580AD1}.Release|Any CPU.Build.0 = Release|Any CPU
	EndGlobalSection
	GlobalSection(SolutionProperties) = preSolution
		HideSolutionNode = FALSE
	EndGlobalSection
	GlobalSection(ExtensibilityGlobals) = postSolution
		SolutionGuid = {D50EA006-1A22-4B29-A7CE-A279AB524534}
	EndGlobalSection
EndGlobal
